
Microsoft Visual Studio Solution File, Format Version 11.00
# Visual Studio 2010
Project("{FAE04EC0-301F-11D3-BF4B-00C04F79EFBC}") = "NoRMatic", "NoRMatic\NoRMatic.csproj", "{AE1887A2-8810-4AA5-8477-A7B9A63644FD}"
EndProject
Project("{FAE04EC0-301F-11D3-BF4B-00C04F79EFBC}") = "NoRMatic.Tests", "NoRMatic.Tests\NoRMatic.Tests.csproj", "{B5E4DD1A-9613-4BF4-A88F-314762B4AD7C}"
EndProject
Project("{2150E333-8FDC-42A3-9474-1A3956D46DE8}") = "Lib", "Lib", "{C031FB6E-1CFA-4FD0-A94B-0E8232DB5140}"
	ProjectSection(SolutionItems) = preProject
		Lib\Norm.dll = Lib\Norm.dll
		Lib\nunit.framework.dll = Lib\nunit.framework.dll
	EndProjectSection
EndProject
Project("{FAE04EC0-301F-11D3-BF4B-00C04F79EFBC}") = "WebSample", "WebSample\WebSample.csproj", "{81474DCC-22BE-44B1-848E-F37EF1113AD1}"
EndProject
Global
	GlobalSection(SolutionConfigurationPlatforms) = preSolution
		Debug|Any CPU = Debug|Any CPU
		Release|Any CPU = Release|Any CPU
	EndGlobalSection
	GlobalSection(ProjectConfigurationPlatforms) = postSolution
		{AE1887A2-8810-4AA5-8477-A7B9A63644FD}.Debug|Any CPU.ActiveCfg = Debug|Any CPU
		{AE1887A2-8810-4AA5-8477-A7B9A63644FD}.Debug|Any CPU.Build.0 = Debug|Any CPU
		{AE1887A2-8810-4AA5-8477-A7B9A63644FD}.Release|Any CPU.ActiveCfg = Release|Any CPU
		{AE1887A2-8810-4AA5-8477-A7B9A63644FD}.Release|Any CPU.Build.0 = Release|Any CPU
		{B5E4DD1A-9613-4BF4-A88F-314762B4AD7C}.Debug|Any CPU.ActiveCfg = Debug|Any CPU
		{B5E4DD1A-9613-4BF4-A88F-314762B4AD7C}.Debug|Any CPU.Build.0 = Debug|Any CPU
		{B5E4DD1A-9613-4BF4-A88F-314762B4AD7C}.Release|Any CPU.ActiveCfg = Release|Any CPU
		{B5E4DD1A-9613-4BF4-A88F-314762B4AD7C}.Release|Any CPU.Build.0 = Release|Any CPU
		{81474DCC-22BE-44B1-848E-F37EF1113AD1}.Debug|Any CPU.ActiveCfg = Debug|Any CPU
		{81474DCC-22BE-44B1-848E-F37EF1113AD1}.Debug|Any CPU.Build.0 = Debug|Any CPU
		{81474DCC-22BE-44B1-848E-F37EF1113AD1}.Release|Any CPU.ActiveCfg = Release|Any CPU
		{81474DCC-22BE-44B1-848E-F37EF1113AD1}.Release|Any CPU.Build.0 = Release|Any CPU
	EndGlobalSection
	GlobalSection(SolutionProperties) = preSolution
		HideSolutionNode = FALSE
	EndGlobalSection
EndGlobal
